
Microsoft Visual Studio Solution File, Format Version 11.00
# Visual Studio 2010
Project("{FAE04EC0-301F-11D3-BF4B-00C04F79EFBC}") = "Application.MVCExtensions", "Application.MVCExtensions\Application.MVCExtensions.csproj", "{80899587-D9F7-415D-B44A-7768BAD84FD7}"
EndProject
Project("{FAE04EC0-301F-11D3-BF4B-00C04F79EFBC}") = "Application.MVCExtensions.Tests", "Application.MVCExtensions.Tests\Application.MVCExtensions.Tests.csproj", "{53B244E1-CE2E-4E04-8ED6-0EA73FFE0DEE}"
EndProject
Global
	GlobalSection(SolutionConfigurationPlatforms) = preSolution
		Debug|Any CPU = Debug|Any CPU
		Release|Any CPU = Release|Any CPU
	EndGlobalSection
	GlobalSection(ProjectConfigurationPlatforms) = postSolution
		{80899587-D9F7-415D-B44A-7768BAD84FD7}.Debug|Any CPU.ActiveCfg = Debug|Any CPU
		{80899587-D9F7-415D-B44A-7768BAD84FD7}.Debug|Any CPU.Build.0 = Debug|Any CPU
		{80899587-D9F7-415D-B44A-7768BAD84FD7}.Release|Any CPU.ActiveCfg = Release|Any CPU
		{80899587-D9F7-415D-B44A-7768BAD84FD7}.Release|Any CPU.Build.0 = Release|Any CPU
		{53B244E1-CE2E-4E04-8ED6-0EA73FFE0DEE}.Debug|Any CPU.ActiveCfg = Debug|Any CPU
		{53B244E1-CE2E-4E04-8ED6-0EA73FFE0DEE}.Debug|Any CPU.Build.0 = Debug|Any CPU
		{53B244E1-CE2E-4E04-8ED6-0EA73FFE0DEE}.Release|Any CPU.ActiveCfg = Release|Any CPU
		{53B244E1-CE2E-4E04-8ED6-0EA73FFE0DEE}.Release|Any CPU.Build.0 = Release|Any CPU
	EndGlobalSection
	GlobalSection(SolutionProperties) = preSolution
		HideSolutionNode = FALSE
	EndGlobalSection
EndGlobal
